
Microsoft Visual Studio Solution File, Format Version 12.00
# Visual Studio Version 17
VisualStudioVersion = 17.7.34031.279
MinimumVisualStudioVersion = 10.0.40219.1
Project("{9A19103F-16F7-4668-BE54-9A1E7A4F7556}") = "CA_Hamburger", "CA_Hamburger\CA_Hamburger.csproj", "{6422392D-2AD3-4993-A55E-3B677A81E499}"
EndProject
Global
	GlobalSection(SolutionConfigurationPlatforms) = preSolution
		Debug|Any CPU = Debug|Any CPU
		Release|Any CPU = Release|Any CPU
	EndGlobalSection
	GlobalSection(ProjectConfigurationPlatforms) = postSolution
		{6422392D-2AD3-4993-A55E-3B677A81E499}.Debug|Any CPU.ActiveCfg = Debug|Any CPU
		{6422392D-2AD3-4993-A55E-3B677A81E499}.Debug|Any CPU.Build.0 = Debug|Any CPU
		{6422392D-2AD3-4993-A55E-3B677A81E499}.Release|Any CPU.ActiveCfg = Release|Any CPU
		{6422392D-2AD3-4993-A55E-3B677A81E499}.Release|Any CPU.Build.0 = Release|Any CPU
	EndGlobalSection
	GlobalSection(SolutionProperties) = preSolution
		HideSolutionNode = FALSE
	EndGlobalSection
	GlobalSection(ExtensibilityGlobals) = postSolution
		SolutionGuid = {9A28FE3E-53BF-4847-B287-B5F44205BF22}
	EndGlobalSection
EndGlobal
